{
  "requires": true,
  "lockfileVersion": 1,
  "dependencies": {
    "@openzeppelin/contracts-upgradeable": {
      "version": "3.3.0",
      "resolved": "https://registry.npmjs.org/@openzeppelin/contracts-upgradeable/-/contracts-upgradeable-3.3.0.tgz",
      "integrity": "sha512-kJeNuKauR4xH52Yo3GdXXAOW4CWyWdm7VXcJFe63G8TRb45ISSnkt/gXwUa8zzEYqokQrwNZYoH/iGYfUlp6wA=="
    }
  }
}
